// !$*UTF8*$!
{
	archiveVersion = 1;
	classes = {
	};
	objectVersion = 56;
	objects = {

/* Begin PBXBuildFile section */
		C01056AE2BE9C66F00A99A94 /* FirebaseAnalytics in Frameworks */ = {isa = PBXBuildFile; productRef = C01056AD2BE9C66F00A99A94 /* FirebaseAnalytics */; };
		C01056B02BE9C66F00A99A94 /* FirebaseAppCheck in Frameworks */ = {isa = PBXBuildFile; productRef = C01056AF2BE9C66F00A99A94 /* FirebaseAppCheck */; };
		C01056B22BE9C66F00A99A94 /* FirebaseAuth in Frameworks */ = {isa = PBXBuildFile; productRef = C01056B12BE9C66F00A99A94 /* FirebaseAuth */; };
		C01056B42BE9C66F00A99A94 /* FirebaseCrashlytics in Frameworks */ = {isa = PBXBuildFile; productRef = C01056B32BE9C66F00A99A94 /* FirebaseCrashlytics */; };
		C01056B62BE9C66F00A99A94 /* FirebaseDatabase in Frameworks */ = {isa = PBXBuildFile; productRef = C01056B52BE9C66F00A99A94 /* FirebaseDatabase */; };
		C01056B82BE9C66F00A99A94 /* FirebaseDatabaseSwift in Frameworks */ = {isa = PBXBuildFile; productRef = C01056B72BE9C66F00A99A94 /* FirebaseDatabaseSwift */; };
		C01056BA2BE9C66F00A99A94 /* FirebaseFirestore in Frameworks */ = {isa = PBXBuildFile; productRef = C01056B92BE9C66F00A99A94 /* FirebaseFirestore */; };
		C01056BC2BE9C66F00A99A94 /* FirebaseFirestoreSwift in Frameworks */ = {isa = PBXBuildFile; productRef = C01056BB2BE9C66F00A99A94 /* FirebaseFirestoreSwift */; };
		C01056BE2BE9C66F00A99A94 /* FirebaseInstallations in Frameworks */ = {isa = PBXBuildFile; productRef = C01056BD2BE9C66F00A99A94 /* FirebaseInstallations */; };
		C01056C02BE9C66F00A99A94 /* FirebasePerformance in Frameworks */ = {isa = PBXBuildFile; productRef = C01056BF2BE9C66F00A99A94 /* FirebasePerformance */; };
		C01056C22BE9C66F00A99A94 /* FirebaseStorage in Frameworks */ = {isa = PBXBuildFile; productRef = C01056C12BE9C66F00A99A94 /* FirebaseStorage */; };
		C01056C82BE9D02A00A99A94 /* GoogleService-Info.plist in Resources */ = {isa = PBXBuildFile; fileRef = C01056C72BE9D02A00A99A94 /* GoogleService-Info.plist */; };
		C030EAB62C0428A3005D6BA5 /* Exercise.swift in Sources */ = {isa = PBXBuildFile; fileRef = C030EAB52C0428A3005D6BA5 /* Exercise.swift */; };
		C030EAC32C04368E005D6BA5 /* User.swift in Sources */ = {isa = PBXBuildFile; fileRef = C030EAC22C04368E005D6BA5 /* User.swift */; };
		C030EAC52C043847005D6BA5 /* Muscle.swift in Sources */ = {isa = PBXBuildFile; fileRef = C030EAC42C043847005D6BA5 /* Muscle.swift */; };
		C030EAC72C043884005D6BA5 /* BodyRegion.swift in Sources */ = {isa = PBXBuildFile; fileRef = C030EAC62C043884005D6BA5 /* BodyRegion.swift */; };
		C030EAC92C0438D0005D6BA5 /* ExerciseCategory.swift in Sources */ = {isa = PBXBuildFile; fileRef = C030EAC82C0438D0005D6BA5 /* ExerciseCategory.swift */; };
		C05C47202BFD88F000E3C28F /* WorkoutListViewModel.swift in Sources */ = {isa = PBXBuildFile; fileRef = C05C471F2BFD88F000E3C28F /* WorkoutListViewModel.swift */; };
		C05C47232BFD8C6600E3C28F /* ShowWorkoutViewModel.swift in Sources */ = {isa = PBXBuildFile; fileRef = C05C47222BFD8C6600E3C28F /* ShowWorkoutViewModel.swift */; };
		C05C47262BFD9BBF00E3C28F /* CreateWorkoutViewModel.swift in Sources */ = {isa = PBXBuildFile; fileRef = C05C47252BFD9BBF00E3C28F /* CreateWorkoutViewModel.swift */; };
		C05C47292BFE7CE300E3C28F /* EditSetViewModel.swift in Sources */ = {isa = PBXBuildFile; fileRef = C05C47282BFE7CE300E3C28F /* EditSetViewModel.swift */; };
		C05C472C2BFE831000E3C28F /* SetListViewModel.swift in Sources */ = {isa = PBXBuildFile; fileRef = C05C472B2BFE831000E3C28F /* SetListViewModel.swift */; };
		C05C472E2BFE83FD00E3C28F /* DoWorkoutViewModel.swift in Sources */ = {isa = PBXBuildFile; fileRef = C05C472D2BFE83FD00E3C28F /* DoWorkoutViewModel.swift */; };
		C05C47312BFED4D000E3C28F /* SoundFunctions.swift in Sources */ = {isa = PBXBuildFile; fileRef = C05C47302BFED4D000E3C28F /* SoundFunctions.swift */; };
		C05C47342C00273F00E3C28F /* DoSetView.swift in Sources */ = {isa = PBXBuildFile; fileRef = C05C47332C00273F00E3C28F /* DoSetView.swift */; };
		C05C47362C00274900E3C28F /* DoSetViewModel.swift in Sources */ = {isa = PBXBuildFile; fileRef = C05C47352C00274900E3C28F /* DoSetViewModel.swift */; };
		C0603A562BDECB4600E483B9 /* Workout_TimerApp.swift in Sources */ = {isa = PBXBuildFile; fileRef = C0603A552BDECB4600E483B9 /* Workout_TimerApp.swift */; };
		C0603A582BDECB4600E483B9 /* ContentView.swift in Sources */ = {isa = PBXBuildFile; fileRef = C0603A572BDECB4600E483B9 /* ContentView.swift */; };
		C0603A5A2BDECB4700E483B9 /* Assets.xcassets in Resources */ = {isa = PBXBuildFile; fileRef = C0603A592BDECB4700E483B9 /* Assets.xcassets */; };
		C0603A5D2BDECB4700E483B9 /* Preview Assets.xcassets in Resources */ = {isa = PBXBuildFile; fileRef = C0603A5C2BDECB4700E483B9 /* Preview Assets.xcassets */; };
		C0603A672BDECB4700E483B9 /* Workout_TimerTests.swift in Sources */ = {isa = PBXBuildFile; fileRef = C0603A662BDECB4700E483B9 /* Workout_TimerTests.swift */; };
		C0603A712BDECB4700E483B9 /* Workout_TimerUITests.swift in Sources */ = {isa = PBXBuildFile; fileRef = C0603A702BDECB4700E483B9 /* Workout_TimerUITests.swift */; };
		C0603A732BDECB4700E483B9 /* Workout_TimerUITestsLaunchTests.swift in Sources */ = {isa = PBXBuildFile; fileRef = C0603A722BDECB4700E483B9 /* Workout_TimerUITestsLaunchTests.swift */; };
		C08E5B352BE2C63200E474E1 /* start.mp3 in Resources */ = {isa = PBXBuildFile; fileRef = C08E5B332BE2C63200E474E1 /* start.mp3 */; };
		C08E5B362BE2C63200E474E1 /* pause.mp3 in Resources */ = {isa = PBXBuildFile; fileRef = C08E5B342BE2C63200E474E1 /* pause.mp3 */; };
		C08E5B392BE323EB00E474E1 /* Exercise_editor.swift in Sources */ = {isa = PBXBuildFile; fileRef = C08E5B382BE323EB00E474E1 /* Exercise_editor.swift */; };
		C097A3992BFA46C900C19CA5 /* Workout.swift in Sources */ = {isa = PBXBuildFile; fileRef = C097A3982BFA46C900C19CA5 /* Workout.swift */; };
		C097A39B2BFA471200C19CA5 /* Set.swift in Sources */ = {isa = PBXBuildFile; fileRef = C097A39A2BFA471200C19CA5 /* Set.swift */; };
		C097A39D2BFA472900C19CA5 /* ShowWorkoutScreen.swift in Sources */ = {isa = PBXBuildFile; fileRef = C097A39C2BFA472900C19CA5 /* ShowWorkoutScreen.swift */; };
		C097A39F2BFA476300C19CA5 /* FirebaseFunctions.swift in Sources */ = {isa = PBXBuildFile; fileRef = C097A39E2BFA476300C19CA5 /* FirebaseFunctions.swift */; };
		C097A3A12BFA479C00C19CA5 /* LocalWorkout.swift in Sources */ = {isa = PBXBuildFile; fileRef = C097A3A02BFA479C00C19CA5 /* LocalWorkout.swift */; };
		C097A3A72BFA485F00C19CA5 /* CreateWorkoutScreen.swift in Sources */ = {isa = PBXBuildFile; fileRef = C097A3A62BFA485F00C19CA5 /* CreateWorkoutScreen.swift */; };
		C097A3A92BFA488300C19CA5 /* SetListScreen.swift in Sources */ = {isa = PBXBuildFile; fileRef = C097A3A82BFA488300C19CA5 /* SetListScreen.swift */; };
		C097A3AB2BFA489800C19CA5 /* EditSetScreen.swift in Sources */ = {isa = PBXBuildFile; fileRef = C097A3AA2BFA489800C19CA5 /* EditSetScreen.swift */; };
		C097A3AD2BFA48B600C19CA5 /* DoWorkoutScreen.swift in Sources */ = {isa = PBXBuildFile; fileRef = C097A3AC2BFA48B600C19CA5 /* DoWorkoutScreen.swift */; };
		C097A3AF2BFA48E000C19CA5 /* WorkoutListScreen.swift in Sources */ = {isa = PBXBuildFile; fileRef = C097A3AE2BFA48E000C19CA5 /* WorkoutListScreen.swift */; };
		C097A3B12BFB70F500C19CA5 /* ReusableTextImputField.swift in Sources */ = {isa = PBXBuildFile; fileRef = C097A3B02BFB70F500C19CA5 /* ReusableTextImputField.swift */; };
		C097A3B32BFB740B00C19CA5 /* CustomizingViews.swift in Sources */ = {isa = PBXBuildFile; fileRef = C097A3B22BFB740B00C19CA5 /* CustomizingViews.swift */; };
		C097A3B52BFB991500C19CA5 /* ToDoList.swift in Sources */ = {isa = PBXBuildFile; fileRef = C097A3B42BFB991500C19CA5 /* ToDoList.swift */; };
/* End PBXBuildFile section */

/* Begin PBXContainerItemProxy section */
		C0603A632BDECB4700E483B9 /* PBXContainerItemProxy */ = {
			isa = PBXContainerItemProxy;
			containerPortal = C0603A4A2BDECB4600E483B9 /* Project object */;
			proxyType = 1;
			remoteGlobalIDString = C0603A512BDECB4600E483B9;
			remoteInfo = "Workout Timer";
		};
		C0603A6D2BDECB4700E483B9 /* PBXContainerItemProxy */ = {
			isa = PBXContainerItemProxy;
			containerPortal = C0603A4A2BDECB4600E483B9 /* Project object */;
			proxyType = 1;
			remoteGlobalIDString = C0603A512BDECB4600E483B9;
			remoteInfo = "Workout Timer";
		};
/* End PBXContainerItemProxy section */

/* Begin PBXFileReference section */
		C01056C72BE9D02A00A99A94 /* GoogleService-Info.plist */ = {isa = PBXFileReference; fileEncoding = 4; lastKnownFileType = text.plist.xml; name = "GoogleService-Info.plist"; path = "../../../Downloads/GoogleService-Info.plist"; sourceTree = "<group>"; };
		C030EAB52C0428A3005D6BA5 /* Exercise.swift */ = {isa = PBXFileReference; lastKnownFileType = sourcecode.swift; path = Exercise.swift; sourceTree = "<group>"; };
		C030EAC22C04368E005D6BA5 /* User.swift */ = {isa = PBXFileReference; lastKnownFileType = sourcecode.swift; path = User.swift; sourceTree = "<group>"; };
		C030EAC42C043847005D6BA5 /* Muscle.swift */ = {isa = PBXFileReference; lastKnownFileType = sourcecode.swift; path = Muscle.swift; sourceTree = "<group>"; };
		C030EAC62C043884005D6BA5 /* BodyRegion.swift */ = {isa = PBXFileReference; lastKnownFileType = sourcecode.swift; path = BodyRegion.swift; sourceTree = "<group>"; };
		C030EAC82C0438D0005D6BA5 /* ExerciseCategory.swift */ = {isa = PBXFileReference; lastKnownFileType = sourcecode.swift; path = ExerciseCategory.swift; sourceTree = "<group>"; };
		C05C471F2BFD88F000E3C28F /* WorkoutListViewModel.swift */ = {isa = PBXFileReference; lastKnownFileType = sourcecode.swift; path = WorkoutListViewModel.swift; sourceTree = "<group>"; };
		C05C47222BFD8C6600E3C28F /* ShowWorkoutViewModel.swift */ = {isa = PBXFileReference; lastKnownFileType = sourcecode.swift; path = ShowWorkoutViewModel.swift; sourceTree = "<group>"; };
		C05C47252BFD9BBF00E3C28F /* CreateWorkoutViewModel.swift */ = {isa = PBXFileReference; lastKnownFileType = sourcecode.swift; path = CreateWorkoutViewModel.swift; sourceTree = "<group>"; };
		C05C47282BFE7CE300E3C28F /* EditSetViewModel.swift */ = {isa = PBXFileReference; lastKnownFileType = sourcecode.swift; path = EditSetViewModel.swift; sourceTree = "<group>"; };
		C05C472B2BFE831000E3C28F /* SetListViewModel.swift */ = {isa = PBXFileReference; lastKnownFileType = sourcecode.swift; path = SetListViewModel.swift; sourceTree = "<group>"; };
		C05C472D2BFE83FD00E3C28F /* DoWorkoutViewModel.swift */ = {isa = PBXFileReference; lastKnownFileType = sourcecode.swift; path = DoWorkoutViewModel.swift; sourceTree = "<group>"; };
		C05C47302BFED4D000E3C28F /* SoundFunctions.swift */ = {isa = PBXFileReference; lastKnownFileType = sourcecode.swift; path = SoundFunctions.swift; sourceTree = "<group>"; };
		C05C47332C00273F00E3C28F /* DoSetView.swift */ = {isa = PBXFileReference; lastKnownFileType = sourcecode.swift; path = DoSetView.swift; sourceTree = "<group>"; };
		C05C47352C00274900E3C28F /* DoSetViewModel.swift */ = {isa = PBXFileReference; lastKnownFileType = sourcecode.swift; path = DoSetViewModel.swift; sourceTree = "<group>"; };
		C0603A522BDECB4600E483B9 /* Workout Timer.app */ = {isa = PBXFileReference; explicitFileType = wrapper.application; includeInIndex = 0; path = "Workout Timer.app"; sourceTree = BUILT_PRODUCTS_DIR; };
		C0603A552BDECB4600E483B9 /* Workout_TimerApp.swift */ = {isa = PBXFileReference; lastKnownFileType = sourcecode.swift; path = Workout_TimerApp.swift; sourceTree = "<group>"; };
		C0603A572BDECB4600E483B9 /* ContentView.swift */ = {isa = PBXFileReference; lastKnownFileType = sourcecode.swift; path = ContentView.swift; sourceTree = "<group>"; };
		C0603A592BDECB4700E483B9 /* Assets.xcassets */ = {isa = PBXFileReference; lastKnownFileType = folder.assetcatalog; path = Assets.xcassets; sourceTree = "<group>"; };
		C0603A5C2BDECB4700E483B9 /* Preview Assets.xcassets */ = {isa = PBXFileReference; lastKnownFileType = folder.assetcatalog; path = "Preview Assets.xcassets"; sourceTree = "<group>"; };
		C0603A622BDECB4700E483B9 /* Workout TimerTests.xctest */ = {isa = PBXFileReference; explicitFileType = wrapper.cfbundle; includeInIndex = 0; path = "Workout TimerTests.xctest"; sourceTree = BUILT_PRODUCTS_DIR; };
		C0603A662BDECB4700E483B9 /* Workout_TimerTests.swift */ = {isa = PBXFileReference; lastKnownFileType = sourcecode.swift; path = Workout_TimerTests.swift; sourceTree = "<group>"; };
		C0603A6C2BDECB4700E483B9 /* Workout TimerUITests.xctest */ = {isa = PBXFileReference; explicitFileType = wrapper.cfbundle; includeInIndex = 0; path = "Workout TimerUITests.xctest"; sourceTree = BUILT_PRODUCTS_DIR; };
		C0603A702BDECB4700E483B9 /* Workout_TimerUITests.swift */ = {isa = PBXFileReference; lastKnownFileType = sourcecode.swift; path = Workout_TimerUITests.swift; sourceTree = "<group>"; };
		C0603A722BDECB4700E483B9 /* Workout_TimerUITestsLaunchTests.swift */ = {isa = PBXFileReference; lastKnownFileType = sourcecode.swift; path = Workout_TimerUITestsLaunchTests.swift; sourceTree = "<group>"; };
		C08E5B332BE2C63200E474E1 /* start.mp3 */ = {isa = PBXFileReference; lastKnownFileType = audio.mp3; path = start.mp3; sourceTree = "<group>"; };
		C08E5B342BE2C63200E474E1 /* pause.mp3 */ = {isa = PBXFileReference; lastKnownFileType = audio.mp3; path = pause.mp3; sourceTree = "<group>"; };
		C08E5B382BE323EB00E474E1 /* Exercise_editor.swift */ = {isa = PBXFileReference; lastKnownFileType = sourcecode.swift; path = Exercise_editor.swift; sourceTree = "<group>"; };
		C097A3982BFA46C900C19CA5 /* Workout.swift */ = {isa = PBXFileReference; lastKnownFileType = sourcecode.swift; path = Workout.swift; sourceTree = "<group>"; };
		C097A39A2BFA471200C19CA5 /* Set.swift */ = {isa = PBXFileReference; lastKnownFileType = sourcecode.swift; path = Set.swift; sourceTree = "<group>"; };
		C097A39C2BFA472900C19CA5 /* ShowWorkoutScreen.swift */ = {isa = PBXFileReference; lastKnownFileType = sourcecode.swift; path = ShowWorkoutScreen.swift; sourceTree = "<group>"; };
		C097A39E2BFA476300C19CA5 /* FirebaseFunctions.swift */ = {isa = PBXFileReference; lastKnownFileType = sourcecode.swift; path = FirebaseFunctions.swift; sourceTree = "<group>"; };
		C097A3A02BFA479C00C19CA5 /* LocalWorkout.swift */ = {isa = PBXFileReference; lastKnownFileType = sourcecode.swift; path = LocalWorkout.swift; sourceTree = "<group>"; };
		C097A3A62BFA485F00C19CA5 /* CreateWorkoutScreen.swift */ = {isa = PBXFileReference; lastKnownFileType = sourcecode.swift; path = CreateWorkoutScreen.swift; sourceTree = "<group>"; };
		C097A3A82BFA488300C19CA5 /* SetListScreen.swift */ = {isa = PBXFileReference; lastKnownFileType = sourcecode.swift; path = SetListScreen.swift; sourceTree = "<group>"; };
		C097A3AA2BFA489800C19CA5 /* EditSetScreen.swift */ = {isa = PBXFileReference; lastKnownFileType = sourcecode.swift; path = EditSetScreen.swift; sourceTree = "<group>"; };
		C097A3AC2BFA48B600C19CA5 /* DoWorkoutScreen.swift */ = {isa = PBXFileReference; lastKnownFileType = sourcecode.swift; path = DoWorkoutScreen.swift; sourceTree = "<group>"; };
		C097A3AE2BFA48E000C19CA5 /* WorkoutListScreen.swift */ = {isa = PBXFileReference; lastKnownFileType = sourcecode.swift; path = WorkoutListScreen.swift; sourceTree = "<group>"; };
		C097A3B02BFB70F500C19CA5 /* ReusableTextImputField.swift */ = {isa = PBXFileReference; lastKnownFileType = sourcecode.swift; path = ReusableTextImputField.swift; sourceTree = "<group>"; };
		C097A3B22BFB740B00C19CA5 /* CustomizingViews.swift */ = {isa = PBXFileReference; lastKnownFileType = sourcecode.swift; path = CustomizingViews.swift; sourceTree = "<group>"; };
		C097A3B42BFB991500C19CA5 /* ToDoList.swift */ = {isa = PBXFileReference; lastKnownFileType = sourcecode.swift; path = ToDoList.swift; sourceTree = "<group>"; };
/* End PBXFileReference section */

/* Begin PBXFrameworksBuildPhase section */
		C0603A4F2BDECB4600E483B9 /* Frameworks */ = {
			isa = PBXFrameworksBuildPhase;
			buildActionMask = 2147483647;
			files = (
				C01056B82BE9C66F00A99A94 /* FirebaseDatabaseSwift in Frameworks */,
				C01056B62BE9C66F00A99A94 /* FirebaseDatabase in Frameworks */,
				C01056C02BE9C66F00A99A94 /* FirebasePerformance in Frameworks */,
				C01056B02BE9C66F00A99A94 /* FirebaseAppCheck in Frameworks */,
				C01056BE2BE9C66F00A99A94 /* FirebaseInstallations in Frameworks */,
				C01056B42BE9C66F00A99A94 /* FirebaseCrashlytics in Frameworks */,
				C01056B22BE9C66F00A99A94 /* FirebaseAuth in Frameworks */,
				C01056AE2BE9C66F00A99A94 /* FirebaseAnalytics in Frameworks */,
				C01056C22BE9C66F00A99A94 /* FirebaseStorage in Frameworks */,
				C01056BA2BE9C66F00A99A94 /* FirebaseFirestore in Frameworks */,
				C01056BC2BE9C66F00A99A94 /* FirebaseFirestoreSwift in Frameworks */,
			);
			runOnlyForDeploymentPostprocessing = 0;
		};
		C0603A5F2BDECB4700E483B9 /* Frameworks */ = {
			isa = PBXFrameworksBuildPhase;
			buildActionMask = 2147483647;
			files = (
			);
			runOnlyForDeploymentPostprocessing = 0;
		};
		C0603A692BDECB4700E483B9 /* Frameworks */ = {
			isa = PBXFrameworksBuildPhase;
			buildActionMask = 2147483647;
			files = (
			);
			runOnlyForDeploymentPostprocessing = 0;
		};
/* End PBXFrameworksBuildPhase section */

/* Begin PBXGroup section */
		C05C471B2BFD886200E3C28F /* Views */ = {
			isa = PBXGroup;
			children = (
				C05C47322C00272C00E3C28F /* DoSetView */,
				C05C471E2BFD88D800E3C28F /* WorkoutListView */,
				C0603A572BDECB4600E483B9 /* ContentView.swift */,
				C05C472F2BFE840200E3C28F /* DoWorkoutView */,
				C05C47272BFE7CD500E3C28F /* EditSetView */,
				C05C472A2BFE830100E3C28F /* SetListView */,
				C05C47242BFD9BAE00E3C28F /* CreateWorkoutView */,
				C097A3B02BFB70F500C19CA5 /* ReusableTextImputField.swift */,
				C097A3B22BFB740B00C19CA5 /* CustomizingViews.swift */,
				C05C47212BFD8C5A00E3C28F /* ShowWorkoutView */,
			);
			path = Views;
			sourceTree = "<group>";
		};
		C05C471C2BFD889000E3C28F /* Models */ = {
			isa = PBXGroup;
			children = (
				C097A39A2BFA471200C19CA5 /* Set.swift */,
				C097A3982BFA46C900C19CA5 /* Workout.swift */,
				C097A3A02BFA479C00C19CA5 /* LocalWorkout.swift */,
				C030EAB52C0428A3005D6BA5 /* Exercise.swift */,
				C030EAC82C0438D0005D6BA5 /* ExerciseCategory.swift */,
				C030EAC62C043884005D6BA5 /* BodyRegion.swift */,
				C030EAC22C04368E005D6BA5 /* User.swift */,
				C030EAC42C043847005D6BA5 /* Muscle.swift */,
			);
			path = Models;
			sourceTree = "<group>";
		};
		C05C471D2BFD88B500E3C28F /* Utilities */ = {
			isa = PBXGroup;
			children = (
				C097A39E2BFA476300C19CA5 /* FirebaseFunctions.swift */,
				C05C47302BFED4D000E3C28F /* SoundFunctions.swift */,
			);
			path = Utilities;
			sourceTree = "<group>";
		};
		C05C471E2BFD88D800E3C28F /* WorkoutListView */ = {
			isa = PBXGroup;
			children = (
				C097A3AE2BFA48E000C19CA5 /* WorkoutListScreen.swift */,
				C05C471F2BFD88F000E3C28F /* WorkoutListViewModel.swift */,
			);
			path = WorkoutListView;
			sourceTree = "<group>";
		};
		C05C47212BFD8C5A00E3C28F /* ShowWorkoutView */ = {
			isa = PBXGroup;
			children = (
				C097A39C2BFA472900C19CA5 /* ShowWorkoutScreen.swift */,
				C05C47222BFD8C6600E3C28F /* ShowWorkoutViewModel.swift */,
			);
			path = ShowWorkoutView;
			sourceTree = "<group>";
		};
		C05C47242BFD9BAE00E3C28F /* CreateWorkoutView */ = {
			isa = PBXGroup;
			children = (
				C097A3A62BFA485F00C19CA5 /* CreateWorkoutScreen.swift */,
				C05C47252BFD9BBF00E3C28F /* CreateWorkoutViewModel.swift */,
			);
			path = CreateWorkoutView;
			sourceTree = "<group>";
		};
		C05C47272BFE7CD500E3C28F /* EditSetView */ = {
			isa = PBXGroup;
			children = (
				C097A3AA2BFA489800C19CA5 /* EditSetScreen.swift */,
				C05C47282BFE7CE300E3C28F /* EditSetViewModel.swift */,
			);
			path = EditSetView;
			sourceTree = "<group>";
		};
		C05C472A2BFE830100E3C28F /* SetListView */ = {
			isa = PBXGroup;
			children = (
				C097A3A82BFA488300C19CA5 /* SetListScreen.swift */,
				C05C472B2BFE831000E3C28F /* SetListViewModel.swift */,
			);
			path = SetListView;
			sourceTree = "<group>";
		};
		C05C472F2BFE840200E3C28F /* DoWorkoutView */ = {
			isa = PBXGroup;
			children = (
				C097A3AC2BFA48B600C19CA5 /* DoWorkoutScreen.swift */,
				C05C472D2BFE83FD00E3C28F /* DoWorkoutViewModel.swift */,
			);
			path = DoWorkoutView;
			sourceTree = "<group>";
		};
		C05C47322C00272C00E3C28F /* DoSetView */ = {
			isa = PBXGroup;
			children = (
				C05C47332C00273F00E3C28F /* DoSetView.swift */,
				C05C47352C00274900E3C28F /* DoSetViewModel.swift */,
			);
			path = DoSetView;
			sourceTree = "<group>";
		};
		C0603A492BDECB4600E483B9 = {
			isa = PBXGroup;
			children = (
				C097A3B42BFB991500C19CA5 /* ToDoList.swift */,
				C0603A542BDECB4600E483B9 /* Workout Timer */,
				C0603A652BDECB4700E483B9 /* Workout TimerTests */,
				C0603A6F2BDECB4700E483B9 /* Workout TimerUITests */,
				C0603A532BDECB4600E483B9 /* Products */,
			);
			sourceTree = "<group>";
		};
		C0603A532BDECB4600E483B9 /* Products */ = {
			isa = PBXGroup;
			children = (
				C0603A522BDECB4600E483B9 /* Workout Timer.app */,
				C0603A622BDECB4700E483B9 /* Workout TimerTests.xctest */,
				C0603A6C2BDECB4700E483B9 /* Workout TimerUITests.xctest */,
			);
			name = Products;
			sourceTree = "<group>";
		};
		C0603A542BDECB4600E483B9 /* Workout Timer */ = {
			isa = PBXGroup;
			children = (
				C05C471D2BFD88B500E3C28F /* Utilities */,
				C05C471C2BFD889000E3C28F /* Models */,
				C05C471B2BFD886200E3C28F /* Views */,
				C0603A552BDECB4600E483B9 /* Workout_TimerApp.swift */,
				C0603A592BDECB4700E483B9 /* Assets.xcassets */,
				C08E5B372BE2C65200E474E1 /* Sounds */,
				C0603A5B2BDECB4700E483B9 /* Preview Content */,
				C08E5B382BE323EB00E474E1 /* Exercise_editor.swift */,
				C01056C72BE9D02A00A99A94 /* GoogleService-Info.plist */,
			);
			path = "Workout Timer";
			sourceTree = "<group>";
		};
		C0603A5B2BDECB4700E483B9 /* Preview Content */ = {
			isa = PBXGroup;
			children = (
				C0603A5C2BDECB4700E483B9 /* Preview Assets.xcassets */,
			);
			path = "Preview Content";
			sourceTree = "<group>";
		};
		C0603A652BDECB4700E483B9 /* Workout TimerTests */ = {
			isa = PBXGroup;
			children = (
				C0603A662BDECB4700E483B9 /* Workout_TimerTests.swift */,
			);
			path = "Workout TimerTests";
			sourceTree = "<group>";
		};
		C0603A6F2BDECB4700E483B9 /* Workout TimerUITests */ = {
			isa = PBXGroup;
			children = (
				C0603A702BDECB4700E483B9 /* Workout_TimerUITests.swift */,
				C0603A722BDECB4700E483B9 /* Workout_TimerUITestsLaunchTests.swift */,
			);
			path = "Workout TimerUITests";
			sourceTree = "<group>";
		};
		C08E5B372BE2C65200E474E1 /* Sounds */ = {
			isa = PBXGroup;
			children = (
				C08E5B342BE2C63200E474E1 /* pause.mp3 */,
				C08E5B332BE2C63200E474E1 /* start.mp3 */,
			);
			path = Sounds;
			sourceTree = "<group>";
		};
/* End PBXGroup section */

/* Begin PBXNativeTarget section */
		C0603A512BDECB4600E483B9 /* Workout Timer */ = {
			isa = PBXNativeTarget;
			buildConfigurationList = C0603A762BDECB4700E483B9 /* Build configuration list for PBXNativeTarget "Workout Timer" */;
			buildPhases = (
				C0603A4E2BDECB4600E483B9 /* Sources */,
				C0603A4F2BDECB4600E483B9 /* Frameworks */,
				C0603A502BDECB4600E483B9 /* Resources */,
			);
			buildRules = (
			);
			dependencies = (
			);
			name = "Workout Timer";
			packageProductDependencies = (
				C01056AD2BE9C66F00A99A94 /* FirebaseAnalytics */,
				C01056AF2BE9C66F00A99A94 /* FirebaseAppCheck */,
				C01056B12BE9C66F00A99A94 /* FirebaseAuth */,
				C01056B32BE9C66F00A99A94 /* FirebaseCrashlytics */,
				C01056B52BE9C66F00A99A94 /* FirebaseDatabase */,
				C01056B72BE9C66F00A99A94 /* FirebaseDatabaseSwift */,
				C01056B92BE9C66F00A99A94 /* FirebaseFirestore */,
				C01056BB2BE9C66F00A99A94 /* FirebaseFirestoreSwift */,
				C01056BD2BE9C66F00A99A94 /* FirebaseInstallations */,
				C01056BF2BE9C66F00A99A94 /* FirebasePerformance */,
				C01056C12BE9C66F00A99A94 /* FirebaseStorage */,
			);
			productName = "Workout Timer";
			productReference = C0603A522BDECB4600E483B9 /* Workout Timer.app */;
			productType = "com.apple.product-type.application";
		};
		C0603A612BDECB4700E483B9 /* Workout TimerTests */ = {
			isa = PBXNativeTarget;
			buildConfigurationList = C0603A792BDECB4700E483B9 /* Build configuration list for PBXNativeTarget "Workout TimerTests" */;
			buildPhases = (
				C0603A5E2BDECB4700E483B9 /* Sources */,
				C0603A5F2BDECB4700E483B9 /* Frameworks */,
				C0603A602BDECB4700E483B9 /* Resources */,
			);
			buildRules = (
			);
			dependencies = (
				C0603A642BDECB4700E483B9 /* PBXTargetDependency */,
			);
			name = "Workout TimerTests";
			productName = "Workout TimerTests";
			productReference = C0603A622BDECB4700E483B9 /* Workout TimerTests.xctest */;
			productType = "com.apple.product-type.bundle.unit-test";
		};
		C0603A6B2BDECB4700E483B9 /* Workout TimerUITests */ = {
			isa = PBXNativeTarget;
			buildConfigurationList = C0603A7C2BDECB4700E483B9 /* Build configuration list for PBXNativeTarget "Workout TimerUITests" */;
			buildPhases = (
				C0603A682BDECB4700E483B9 /* Sources */,
				C0603A692BDECB4700E483B9 /* Frameworks */,
				C0603A6A2BDECB4700E483B9 /* Resources */,
			);
			buildRules = (
			);
			dependencies = (
				C0603A6E2BDECB4700E483B9 /* PBXTargetDependency */,
			);
			name = "Workout TimerUITests";
			productName = "Workout TimerUITests";
			productReference = C0603A6C2BDECB4700E483B9 /* Workout TimerUITests.xctest */;
			productType = "com.apple.product-type.bundle.ui-testing";
		};
/* End PBXNativeTarget section */

/* Begin PBXProject section */
		C0603A4A2BDECB4600E483B9 /* Project object */ = {
			isa = PBXProject;
			attributes = {
				BuildIndependentTargetsInParallel = 1;
				LastSwiftUpdateCheck = 1530;
				LastUpgradeCheck = 1530;
				TargetAttributes = {
					C0603A512BDECB4600E483B9 = {
						CreatedOnToolsVersion = 15.3;
					};
					C0603A612BDECB4700E483B9 = {
						CreatedOnToolsVersion = 15.3;
						TestTargetID = C0603A512BDECB4600E483B9;
					};
					C0603A6B2BDECB4700E483B9 = {
						CreatedOnToolsVersion = 15.3;
						TestTargetID = C0603A512BDECB4600E483B9;
					};
				};
			};
			buildConfigurationList = C0603A4D2BDECB4600E483B9 /* Build configuration list for PBXProject "Workout Timer" */;
			compatibilityVersion = "Xcode 14.0";
			developmentRegion = en;
			hasScannedForEncodings = 0;
			knownRegions = (
				en,
				Base,
			);
			mainGroup = C0603A492BDECB4600E483B9;
			packageReferences = (
				C006CA812BE9C57A0058D06D /* XCRemoteSwiftPackageReference "firebase-ios-sdk" */,
			);
			productRefGroup = C0603A532BDECB4600E483B9 /* Products */;
			projectDirPath = "";
			projectRoot = "";
			targets = (
				C0603A512BDECB4600E483B9 /* Workout Timer */,
				C0603A612BDECB4700E483B9 /* Workout TimerTests */,
				C0603A6B2BDECB4700E483B9 /* Workout TimerUITests */,
			);
		};
/* End PBXProject section */

/* Begin PBXResourcesBuildPhase section */
		C0603A502BDECB4600E483B9 /* Resources */ = {
			isa = PBXResourcesBuildPhase;
			buildActionMask = 2147483647;
			files = (
				C0603A5D2BDECB4700E483B9 /* Preview Assets.xcassets in Resources */,
				C08E5B362BE2C63200E474E1 /* pause.mp3 in Resources */,
				C01056C82BE9D02A00A99A94 /* GoogleService-Info.plist in Resources */,
				C08E5B352BE2C63200E474E1 /* start.mp3 in Resources */,
				C0603A5A2BDECB4700E483B9 /* Assets.xcassets in Resources */,
			);
			runOnlyForDeploymentPostprocessing = 0;
		};
		C0603A602BDECB4700E483B9 /* Resources */ = {
			isa = PBXResourcesBuildPhase;
			buildActionMask = 2147483647;
			files = (
			);
			runOnlyForDeploymentPostprocessing = 0;
		};
		C0603A6A2BDECB4700E483B9 /* Resources */ = {
			isa = PBXResourcesBuildPhase;
			buildActionMask = 2147483647;
			files = (
			);
			runOnlyForDeploymentPostprocessing = 0;
		};
/* End PBXResourcesBuildPhase section */

/* Begin PBXSourcesBuildPhase section */
		C0603A4E2BDECB4600E483B9 /* Sources */ = {
			isa = PBXSourcesBuildPhase;
			buildActionMask = 2147483647;
			files = (
				C030EAC72C043884005D6BA5 /* BodyRegion.swift in Sources */,
				C097A3992BFA46C900C19CA5 /* Workout.swift in Sources */,
				C05C47312BFED4D000E3C28F /* SoundFunctions.swift in Sources */,
				C097A3B52BFB991500C19CA5 /* ToDoList.swift in Sources */,
				C05C47262BFD9BBF00E3C28F /* CreateWorkoutViewModel.swift in Sources */,
				C097A3B12BFB70F500C19CA5 /* ReusableTextImputField.swift in Sources */,
				C097A3A92BFA488300C19CA5 /* SetListScreen.swift in Sources */,
				C05C47232BFD8C6600E3C28F /* ShowWorkoutViewModel.swift in Sources */,
				C030EAC32C04368E005D6BA5 /* User.swift in Sources */,
				C097A3B32BFB740B00C19CA5 /* CustomizingViews.swift in Sources */,
				C030EAC52C043847005D6BA5 /* Muscle.swift in Sources */,
				C097A3AB2BFA489800C19CA5 /* EditSetScreen.swift in Sources */,
				C030EAB62C0428A3005D6BA5 /* Exercise.swift in Sources */,
				C05C47292BFE7CE300E3C28F /* EditSetViewModel.swift in Sources */,
				C05C472C2BFE831000E3C28F /* SetListViewModel.swift in Sources */,
				C097A39F2BFA476300C19CA5 /* FirebaseFunctions.swift in Sources */,
				C097A39B2BFA471200C19CA5 /* Set.swift in Sources */,
				C05C472E2BFE83FD00E3C28F /* DoWorkoutViewModel.swift in Sources */,
				C05C47362C00274900E3C28F /* DoSetViewModel.swift in Sources */,
				C030EAC92C0438D0005D6BA5 /* ExerciseCategory.swift in Sources */,
				C097A3AD2BFA48B600C19CA5 /* DoWorkoutScreen.swift in Sources */,
				C097A3AF2BFA48E000C19CA5 /* WorkoutListScreen.swift in Sources */,
				C097A3A12BFA479C00C19CA5 /* LocalWorkout.swift in Sources */,
				C097A3A72BFA485F00C19CA5 /* CreateWorkoutScreen.swift in Sources */,
				C097A39D2BFA472900C19CA5 /* ShowWorkoutScreen.swift in Sources */,
				C0603A582BDECB4600E483B9 /* ContentView.swift in Sources */,
				C05C47342C00273F00E3C28F /* DoSetView.swift in Sources */,
				C08E5B392BE323EB00E474E1 /* Exercise_editor.swift in Sources */,
				C0603A562BDECB4600E483B9 /* Workout_TimerApp.swift in Sources */,
				C05C47202BFD88F000E3C28F /* WorkoutListViewModel.swift in Sources */,
			);
			runOnlyForDeploymentPostprocessing = 0;
		};
		C0603A5E2BDECB4700E483B9 /* Sources */ = {
			isa = PBXSourcesBuildPhase;
			buildActionMask = 2147483647;
			files = (
				C0603A672BDECB4700E483B9 /* Workout_TimerTests.swift in Sources */,
			);
			runOnlyForDeploymentPostprocessing = 0;
		};
		C0603A682BDECB4700E483B9 /* Sources */ = {
			isa = PBXSourcesBuildPhase;
			buildActionMask = 2147483647;
			files = (
				C0603A732BDECB4700E483B9 /* Workout_TimerUITestsLaunchTests.swift in Sources */,
				C0603A712BDECB4700E483B9 /* Workout_TimerUITests.swift in Sources */,
			);
			runOnlyForDeploymentPostprocessing = 0;
		};
/* End PBXSourcesBuildPhase section */

/* Begin PBXTargetDependency section */
		C0603A642BDECB4700E483B9 /* PBXTargetDependency */ = {
			isa = PBXTargetDependency;
			target = C0603A512BDECB4600E483B9 /* Workout Timer */;
			targetProxy = C0603A632BDECB4700E483B9 /* PBXContainerItemProxy */;
		};
		C0603A6E2BDECB4700E483B9 /* PBXTargetDependency */ = {
			isa = PBXTargetDependency;
			target = C0603A512BDECB4600E483B9 /* Workout Timer */;
			targetProxy = C0603A6D2BDECB4700E483B9 /* PBXContainerItemProxy */;
		};
/* End PBXTargetDependency section */

/* Begin XCBuildConfiguration section */
		C0603A742BDECB4700E483B9 /* Debug */ = {
			isa = XCBuildConfiguration;
			buildSettings = {
				ALWAYS_SEARCH_USER_PATHS = NO;
				ASSETCATALOG_COMPILER_GENERATE_SWIFT_ASSET_SYMBOL_EXTENSIONS = YES;
				CLANG_ANALYZER_NONNULL = YES;
				CLANG_ANALYZER_NUMBER_OBJECT_CONVERSION = YES_AGGRESSIVE;
				CLANG_CXX_LANGUAGE_STANDARD = "gnu++20";
				CLANG_ENABLE_MODULES = YES;
				CLANG_ENABLE_OBJC_ARC = YES;
				CLANG_ENABLE_OBJC_WEAK = YES;
				CLANG_WARN_BLOCK_CAPTURE_AUTORELEASING = YES;
				CLANG_WARN_BOOL_CONVERSION = YES;
				CLANG_WARN_COMMA = YES;
				CLANG_WARN_CONSTANT_CONVERSION = YES;
				CLANG_WARN_DEPRECATED_OBJC_IMPLEMENTATIONS = YES;
				CLANG_WARN_DIRECT_OBJC_ISA_USAGE = YES_ERROR;
				CLANG_WARN_DOCUMENTATION_COMMENTS = YES;
				CLANG_WARN_EMPTY_BODY = YES;
				CLANG_WARN_ENUM_CONVERSION = YES;
				CLANG_WARN_INFINITE_RECURSION = YES;
				CLANG_WARN_INT_CONVERSION = YES;
				CLANG_WARN_NON_LITERAL_NULL_CONVERSION = YES;
				CLANG_WARN_OBJC_IMPLICIT_RETAIN_SELF = YES;
				CLANG_WARN_OBJC_LITERAL_CONVERSION = YES;
				CLANG_WARN_OBJC_ROOT_CLASS = YES_ERROR;
				CLANG_WARN_QUOTED_INCLUDE_IN_FRAMEWORK_HEADER = YES;
				CLANG_WARN_RANGE_LOOP_ANALYSIS = YES;
				CLANG_WARN_STRICT_PROTOTYPES = YES;
				CLANG_WARN_SUSPICIOUS_MOVE = YES;
				CLANG_WARN_UNGUARDED_AVAILABILITY = YES_AGGRESSIVE;
				CLANG_WARN_UNREACHABLE_CODE = YES;
				CLANG_WARN__DUPLICATE_METHOD_MATCH = YES;
				COPY_PHASE_STRIP = NO;
				DEBUG_INFORMATION_FORMAT = dwarf;
				ENABLE_STRICT_OBJC_MSGSEND = YES;
				ENABLE_TESTABILITY = YES;
				ENABLE_USER_SCRIPT_SANDBOXING = YES;
				GCC_C_LANGUAGE_STANDARD = gnu17;
				GCC_DYNAMIC_NO_PIC = NO;
				GCC_NO_COMMON_BLOCKS = YES;
				GCC_OPTIMIZATION_LEVEL = 0;
				GCC_PREPROCESSOR_DEFINITIONS = (
					"DEBUG=1",
					"$(inherited)",
				);
				GCC_WARN_64_TO_32_BIT_CONVERSION = YES;
				GCC_WARN_ABOUT_RETURN_TYPE = YES_ERROR;
				GCC_WARN_UNDECLARED_SELECTOR = YES;
				GCC_WARN_UNINITIALIZED_AUTOS = YES_AGGRESSIVE;
				GCC_WARN_UNUSED_FUNCTION = YES;
				GCC_WARN_UNUSED_VARIABLE = YES;
				IPHONEOS_DEPLOYMENT_TARGET = 17.4;
				LOCALIZATION_PREFERS_STRING_CATALOGS = YES;
				MTL_ENABLE_DEBUG_INFO = INCLUDE_SOURCE;
				MTL_FAST_MATH = YES;
				ONLY_ACTIVE_ARCH = YES;
				SDKROOT = iphoneos;
				SWIFT_ACTIVE_COMPILATION_CONDITIONS = "DEBUG $(inherited)";
				SWIFT_OPTIMIZATION_LEVEL = "-Onone";
			};
			name = Debug;
		};
		C0603A752BDECB4700E483B9 /* Release */ = {
			isa = XCBuildConfiguration;
			buildSettings = {
				ALWAYS_SEARCH_USER_PATHS = NO;
				ASSETCATALOG_COMPILER_GENERATE_SWIFT_ASSET_SYMBOL_EXTENSIONS = YES;
				CLANG_ANALYZER_NONNULL = YES;
				CLANG_ANALYZER_NUMBER_OBJECT_CONVERSION = YES_AGGRESSIVE;
				CLANG_CXX_LANGUAGE_STANDARD = "gnu++20";
				CLANG_ENABLE_MODULES = YES;
				CLANG_ENABLE_OBJC_ARC = YES;
				CLANG_ENABLE_OBJC_WEAK = YES;
				CLANG_WARN_BLOCK_CAPTURE_AUTORELEASING = YES;
				CLANG_WARN_BOOL_CONVERSION = YES;
				CLANG_WARN_COMMA = YES;
				CLANG_WARN_CONSTANT_CONVERSION = YES;
				CLANG_WARN_DEPRECATED_OBJC_IMPLEMENTATIONS = YES;
				CLANG_WARN_DIRECT_OBJC_ISA_USAGE = YES_ERROR;
				CLANG_WARN_DOCUMENTATION_COMMENTS = YES;
				CLANG_WARN_EMPTY_BODY = YES;
				CLANG_WARN_ENUM_CONVERSION = YES;
				CLANG_WARN_INFINITE_RECURSION = YES;
				CLANG_WARN_INT_CONVERSION = YES;
				CLANG_WARN_NON_LITERAL_NULL_CONVERSION = YES;
				CLANG_WARN_OBJC_IMPLICIT_RETAIN_SELF = YES;
				CLANG_WARN_OBJC_LITERAL_CONVERSION = YES;
				CLANG_WARN_OBJC_ROOT_CLASS = YES_ERROR;
				CLANG_WARN_QUOTED_INCLUDE_IN_FRAMEWORK_HEADER = YES;
				CLANG_WARN_RANGE_LOOP_ANALYSIS = YES;
				CLANG_WARN_STRICT_PROTOTYPES = YES;
				CLANG_WARN_SUSPICIOUS_MOVE = YES;
				CLANG_WARN_UNGUARDED_AVAILABILITY = YES_AGGRESSIVE;
				CLANG_WARN_UNREACHABLE_CODE = YES;
				CLANG_WARN__DUPLICATE_METHOD_MATCH = YES;
				COPY_PHASE_STRIP = NO;
				DEBUG_INFORMATION_FORMAT = "dwarf-with-dsym";
				ENABLE_NS_ASSERTIONS = NO;
				ENABLE_STRICT_OBJC_MSGSEND = YES;
				ENABLE_USER_SCRIPT_SANDBOXING = YES;
				GCC_C_LANGUAGE_STANDARD = gnu17;
				GCC_NO_COMMON_BLOCKS = YES;
				GCC_WARN_64_TO_32_BIT_CONVERSION = YES;
				GCC_WARN_ABOUT_RETURN_TYPE = YES_ERROR;
				GCC_WARN_UNDECLARED_SELECTOR = YES;
				GCC_WARN_UNINITIALIZED_AUTOS = YES_AGGRESSIVE;
				GCC_WARN_UNUSED_FUNCTION = YES;
				GCC_WARN_UNUSED_VARIABLE = YES;
				IPHONEOS_DEPLOYMENT_TARGET = 17.4;
				LOCALIZATION_PREFERS_STRING_CATALOGS = YES;
				MTL_ENABLE_DEBUG_INFO = NO;
				MTL_FAST_MATH = YES;
				SDKROOT = iphoneos;
				SWIFT_COMPILATION_MODE = wholemodule;
				VALIDATE_PRODUCT = YES;
			};
			name = Release;
		};
		C0603A772BDECB4700E483B9 /* Debug */ = {
			isa = XCBuildConfiguration;
			buildSettings = {
				ASSETCATALOG_COMPILER_APPICON_NAME = AppIcon;
				ASSETCATALOG_COMPILER_GLOBAL_ACCENT_COLOR_NAME = AccentColor;
				CODE_SIGN_STYLE = Automatic;
				CURRENT_PROJECT_VERSION = 1;
				DEVELOPMENT_ASSET_PATHS = "\"Workout Timer/Preview Content\"";
				DEVELOPMENT_TEAM = T62Y6FH8SR;
				ENABLE_PREVIEWS = YES;
				GENERATE_INFOPLIST_FILE = YES;
				INFOPLIST_KEY_CFBundleDisplayName = WorkoutApp;
				INFOPLIST_KEY_UIApplicationSceneManifest_Generation = YES;
				INFOPLIST_KEY_UIApplicationSupportsIndirectInputEvents = YES;
				INFOPLIST_KEY_UILaunchScreen_Generation = YES;
				INFOPLIST_KEY_UISupportedInterfaceOrientations_iPad = "UIInterfaceOrientationPortrait UIInterfaceOrientationPortraitUpsideDown UIInterfaceOrientationLandscapeLeft UIInterfaceOrientationLandscapeRight";
				INFOPLIST_KEY_UISupportedInterfaceOrientations_iPhone = "UIInterfaceOrientationPortrait UIInterfaceOrientationLandscapeLeft UIInterfaceOrientationLandscapeRight";
				LD_RUNPATH_SEARCH_PATHS = (
					"$(inherited)",
					"@executable_path/Frameworks",
				);
				MARKETING_VERSION = 1.0;
				PRODUCT_BUNDLE_IDENTIFIER = "mvp.Workout-Timer";
				PRODUCT_NAME = "$(TARGET_NAME)";
				SWIFT_EMIT_LOC_STRINGS = YES;
				SWIFT_VERSION = 5.0;
				TARGETED_DEVICE_FAMILY = "1,2";
			};
			name = Debug;
		};
		C0603A782BDECB4700E483B9 /* Release */ = {
			isa = XCBuildConfiguration;
			buildSettings = {
				ASSETCATALOG_COMPILER_APPICON_NAME = AppIcon;
				ASSETCATALOG_COMPILER_GLOBAL_ACCENT_COLOR_NAME = AccentColor;
				CODE_SIGN_STYLE = Automatic;
				CURRENT_PROJECT_VERSION = 1;
				DEVELOPMENT_ASSET_PATHS = "\"Workout Timer/Preview Content\"";
				DEVELOPMENT_TEAM = T62Y6FH8SR;
				ENABLE_PREVIEWS = YES;
				GENERATE_INFOPLIST_FILE = YES;
				INFOPLIST_KEY_CFBundleDisplayName = WorkoutApp;
				INFOPLIST_KEY_UIApplicationSceneManifest_Generation = YES;
				INFOPLIST_KEY_UIApplicationSupportsIndirectInputEvents = YES;
				INFOPLIST_KEY_UILaunchScreen_Generation = YES;
				INFOPLIST_KEY_UISupportedInterfaceOrientations_iPad = "UIInterfaceOrientationPortrait UIInterfaceOrientationPortraitUpsideDown UIInterfaceOrientationLandscapeLeft UIInterfaceOrientationLandscapeRight";
				INFOPLIST_KEY_UISupportedInterfaceOrientations_iPhone = "UIInterfaceOrientationPortrait UIInterfaceOrientationLandscapeLeft UIInterfaceOrientationLandscapeRight";
				LD_RUNPATH_SEARCH_PATHS = (
					"$(inherited)",
					"@executable_path/Frameworks",
				);
				MARKETING_VERSION = 1.0;
				PRODUCT_BUNDLE_IDENTIFIER = "mvp.Workout-Timer";
				PRODUCT_NAME = "$(TARGET_NAME)";
				SWIFT_EMIT_LOC_STRINGS = YES;
				SWIFT_VERSION = 5.0;
				TARGETED_DEVICE_FAMILY = "1,2";
			};
			name = Release;
		};
		C0603A7A2BDECB4700E483B9 /* Debug */ = {
			isa = XCBuildConfiguration;
			buildSettings = {
				ALWAYS_EMBED_SWIFT_STANDARD_LIBRARIES = YES;
				BUNDLE_LOADER = "$(TEST_HOST)";
				CODE_SIGN_STYLE = Automatic;
				CURRENT_PROJECT_VERSION = 1;
				GENERATE_INFOPLIST_FILE = YES;
				IPHONEOS_DEPLOYMENT_TARGET = 17.4;
				MARKETING_VERSION = 1.0;
				PRODUCT_BUNDLE_IDENTIFIER = "mvp.Workout-TimerTests";
				PRODUCT_NAME = "$(TARGET_NAME)";
				SWIFT_EMIT_LOC_STRINGS = NO;
				SWIFT_VERSION = 5.0;
				TARGETED_DEVICE_FAMILY = "1,2";
				TEST_HOST = "$(BUILT_PRODUCTS_DIR)/Workout Timer.app/$(BUNDLE_EXECUTABLE_FOLDER_PATH)/Workout Timer";
			};
			name = Debug;
		};
		C0603A7B2BDECB4700E483B9 /* Release */ = {
			isa = XCBuildConfiguration;
			buildSettings = {
				ALWAYS_EMBED_SWIFT_STANDARD_LIBRARIES = YES;
				BUNDLE_LOADER = "$(TEST_HOST)";
				CODE_SIGN_STYLE = Automatic;
				CURRENT_PROJECT_VERSION = 1;
				GENERATE_INFOPLIST_FILE = YES;
				IPHONEOS_DEPLOYMENT_TARGET = 17.4;
				MARKETING_VERSION = 1.0;
				PRODUCT_BUNDLE_IDENTIFIER = "mvp.Workout-TimerTests";
				PRODUCT_NAME = "$(TARGET_NAME)";
				SWIFT_EMIT_LOC_STRINGS = NO;
				SWIFT_VERSION = 5.0;
				TARGETED_DEVICE_FAMILY = "1,2";
				TEST_HOST = "$(BUILT_PRODUCTS_DIR)/Workout Timer.app/$(BUNDLE_EXECUTABLE_FOLDER_PATH)/Workout Timer";
			};
			name = Release;
		};
		C0603A7D2BDECB4700E483B9 /* Debug */ = {
			isa = XCBuildConfiguration;
			buildSettings = {
				ALWAYS_EMBED_SWIFT_STANDARD_LIBRARIES = YES;
				CODE_SIGN_STYLE = Automatic;
				CURRENT_PROJECT_VERSION = 1;
				GENERATE_INFOPLIST_FILE = YES;
				MARKETING_VERSION = 1.0;
				PRODUCT_BUNDLE_IDENTIFIER = "mvp.Workout-TimerUITests";
				PRODUCT_NAME = "$(TARGET_NAME)";
				SWIFT_EMIT_LOC_STRINGS = NO;
				SWIFT_VERSION = 5.0;
				TARGETED_DEVICE_FAMILY = "1,2";
				TEST_TARGET_NAME = "Workout Timer";
			};
			name = Debug;
		};
		C0603A7E2BDECB4700E483B9 /* Release */ = {
			isa = XCBuildConfiguration;
			buildSettings = {
				ALWAYS_EMBED_SWIFT_STANDARD_LIBRARIES = YES;
				CODE_SIGN_STYLE = Automatic;
				CURRENT_PROJECT_VERSION = 1;
				GENERATE_INFOPLIST_FILE = YES;
				MARKETING_VERSION = 1.0;
				PRODUCT_BUNDLE_IDENTIFIER = "mvp.Workout-TimerUITests";
				PRODUCT_NAME = "$(TARGET_NAME)";
				SWIFT_EMIT_LOC_STRINGS = NO;
				SWIFT_VERSION = 5.0;
				TARGETED_DEVICE_FAMILY = "1,2";
				TEST_TARGET_NAME = "Workout Timer";
			};
			name = Release;
		};
/* End XCBuildConfiguration section */

/* Begin XCConfigurationList section */
		C0603A4D2BDECB4600E483B9 /* Build configuration list for PBXProject "Workout Timer" */ = {
			isa = XCConfigurationList;
			buildConfigurations = (
				C0603A742BDECB4700E483B9 /* Debug */,
				C0603A752BDECB4700E483B9 /* Release */,
			);
			defaultConfigurationIsVisible = 0;
			defaultConfigurationName = Release;
		};
		C0603A762BDECB4700E483B9 /* Build configuration list for PBXNativeTarget "Workout Timer" */ = {
			isa = XCConfigurationList;
			buildConfigurations = (
				C0603A772BDECB4700E483B9 /* Debug */,
				C0603A782BDECB4700E483B9 /* Release */,
			);
			defaultConfigurationIsVisible = 0;
			defaultConfigurationName = Release;
		};
		C0603A792BDECB4700E483B9 /* Build configuration list for PBXNativeTarget "Workout TimerTests" */ = {
			isa = XCConfigurationList;
			buildConfigurations = (
				C0603A7A2BDECB4700E483B9 /* Debug */,
				C0603A7B2BDECB4700E483B9 /* Release */,
			);
			defaultConfigurationIsVisible = 0;
			defaultConfigurationName = Release;
		};
		C0603A7C2BDECB4700E483B9 /* Build configuration list for PBXNativeTarget "Workout TimerUITests" */ = {
			isa = XCConfigurationList;
			buildConfigurations = (
				C0603A7D2BDECB4700E483B9 /* Debug */,
				C0603A7E2BDECB4700E483B9 /* Release */,
			);
			defaultConfigurationIsVisible = 0;
			defaultConfigurationName = Release;
		};
/* End XCConfigurationList section */

/* Begin XCRemoteSwiftPackageReference section */
		C006CA812BE9C57A0058D06D /* XCRemoteSwiftPackageReference "firebase-ios-sdk" */ = {
			isa = XCRemoteSwiftPackageReference;
			repositoryURL = "https://github.com/firebase/firebase-ios-sdk";
			requirement = {
				kind = upToNextMajorVersion;
				minimumVersion = 10.25.0;
			};
		};
/* End XCRemoteSwiftPackageReference section */

/* Begin XCSwiftPackageProductDependency section */
		C01056AD2BE9C66F00A99A94 /* FirebaseAnalytics */ = {
			isa = XCSwiftPackageProductDependency;
			package = C006CA812BE9C57A0058D06D /* XCRemoteSwiftPackageReference "firebase-ios-sdk" */;
			productName = FirebaseAnalytics;
		};
		C01056AF2BE9C66F00A99A94 /* FirebaseAppCheck */ = {
			isa = XCSwiftPackageProductDependency;
			package = C006CA812BE9C57A0058D06D /* XCRemoteSwiftPackageReference "firebase-ios-sdk" */;
			productName = FirebaseAppCheck;
		};
		C01056B12BE9C66F00A99A94 /* FirebaseAuth */ = {
			isa = XCSwiftPackageProductDependency;
			package = C006CA812BE9C57A0058D06D /* XCRemoteSwiftPackageReference "firebase-ios-sdk" */;
			productName = FirebaseAuth;
		};
		C01056B32BE9C66F00A99A94 /* FirebaseCrashlytics */ = {
			isa = XCSwiftPackageProductDependency;
			package = C006CA812BE9C57A0058D06D /* XCRemoteSwiftPackageReference "firebase-ios-sdk" */;
			productName = FirebaseCrashlytics;
		};
		C01056B52BE9C66F00A99A94 /* FirebaseDatabase */ = {
			isa = XCSwiftPackageProductDependency;
			package = C006CA812BE9C57A0058D06D /* XCRemoteSwiftPackageReference "firebase-ios-sdk" */;
			productName = FirebaseDatabase;
		};
		C01056B72BE9C66F00A99A94 /* FirebaseDatabaseSwift */ = {
			isa = XCSwiftPackageProductDependency;
			package = C006CA812BE9C57A0058D06D /* XCRemoteSwiftPackageReference "firebase-ios-sdk" */;
			productName = FirebaseDatabaseSwift;
		};
		C01056B92BE9C66F00A99A94 /* FirebaseFirestore */ = {
			isa = XCSwiftPackageProductDependency;
			package = C006CA812BE9C57A0058D06D /* XCRemoteSwiftPackageReference "firebase-ios-sdk" */;
			productName = FirebaseFirestore;
		};
		C01056BB2BE9C66F00A99A94 /* FirebaseFirestoreSwift */ = {
			isa = XCSwiftPackageProductDependency;
			package = C006CA812BE9C57A0058D06D /* XCRemoteSwiftPackageReference "firebase-ios-sdk" */;
			productName = FirebaseFirestoreSwift;
		};
		C01056BD2BE9C66F00A99A94 /* FirebaseInstallations */ = {
			isa = XCSwiftPackageProductDependency;
			package = C006CA812BE9C57A0058D06D /* XCRemoteSwiftPackageReference "firebase-ios-sdk" */;
			productName = FirebaseInstallations;
		};
		C01056BF2BE9C66F00A99A94 /* FirebasePerformance */ = {
			isa = XCSwiftPackageProductDependency;
			package = C006CA812BE9C57A0058D06D /* XCRemoteSwiftPackageReference "firebase-ios-sdk" */;
			productName = FirebasePerformance;
		};
		C01056C12BE9C66F00A99A94 /* FirebaseStorage */ = {
			isa = XCSwiftPackageProductDependency;
			package = C006CA812BE9C57A0058D06D /* XCRemoteSwiftPackageReference "firebase-ios-sdk" */;
			productName = FirebaseStorage;
		};
/* End XCSwiftPackageProductDependency section */
	};
	rootObject = C0603A4A2BDECB4600E483B9 /* Project object */;
}
